
Microsoft Visual Studio Solution File, Format Version 12.00
# Visual Studio 15
VisualStudioVersion = 15.0.27004.2010
MinimumVisualStudioVersion = 10.0.40219.1
Project("{FAE04EC0-301F-11D3-BF4B-00C04F79EFBC}") = "MyWebApp", "MyWebApp\MyWebApp.csproj", "{FEF6C65D-5499-4AF2-BD45-89D7A9C9B014}"
EndProject
Project("{FAE04EC0-301F-11D3-BF4B-00C04F79EFBC}") = "ModuleA", "ModuleA\ModuleA.csproj", "{D4F7E716-9A10-46CE-AD29-03CB49E5B856}"
EndProject
Project("{FAE04EC0-301F-11D3-BF4B-00C04F79EFBC}") = "ModuleB", "ModuleB\ModuleB.csproj", "{E36A5A78-A1CA-4242-A1C0-C6AE392666D8}"
EndProject
Global
	GlobalSection(SolutionConfigurationPlatforms) = preSolution
		Debug|Any CPU = Debug|Any CPU
		Release|Any CPU = Release|Any CPU
	EndGlobalSection
	GlobalSection(ProjectConfigurationPlatforms) = postSolution
		{FEF6C65D-5499-4AF2-BD45-89D7A9C9B014}.Debug|Any CPU.ActiveCfg = Debug|Any CPU
		{FEF6C65D-5499-4AF2-BD45-89D7A9C9B014}.Debug|Any CPU.Build.0 = Debug|Any CPU
		{FEF6C65D-5499-4AF2-BD45-89D7A9C9B014}.Release|Any CPU.ActiveCfg = Release|Any CPU
		{FEF6C65D-5499-4AF2-BD45-89D7A9C9B014}.Release|Any CPU.Build.0 = Release|Any CPU
		{D4F7E716-9A10-46CE-AD29-03CB49E5B856}.Debug|Any CPU.ActiveCfg = Debug|Any CPU
		{D4F7E716-9A10-46CE-AD29-03CB49E5B856}.Debug|Any CPU.Build.0 = Debug|Any CPU
		{D4F7E716-9A10-46CE-AD29-03CB49E5B856}.Release|Any CPU.ActiveCfg = Release|Any CPU
		{D4F7E716-9A10-46CE-AD29-03CB49E5B856}.Release|Any CPU.Build.0 = Release|Any CPU
		{E36A5A78-A1CA-4242-A1C0-C6AE392666D8}.Debug|Any CPU.ActiveCfg = Debug|Any CPU
		{E36A5A78-A1CA-4242-A1C0-C6AE392666D8}.Debug|Any CPU.Build.0 = Debug|Any CPU
		{E36A5A78-A1CA-4242-A1C0-C6AE392666D8}.Release|Any CPU.ActiveCfg = Release|Any CPU
		{E36A5A78-A1CA-4242-A1C0-C6AE392666D8}.Release|Any CPU.Build.0 = Release|Any CPU
	EndGlobalSection
	GlobalSection(SolutionProperties) = preSolution
		HideSolutionNode = FALSE
	EndGlobalSection
	GlobalSection(ExtensibilityGlobals) = postSolution
		SolutionGuid = {8A5EAFFA-95B1-4532-AF98-D7CB74C008A9}
	EndGlobalSection
EndGlobal
